
Microsoft Visual Studio Solution File, Format Version 12.00
# Visual Studio Version 16
VisualStudioVersion = 16.0.32002.261
MinimumVisualStudioVersion = 10.0.40219.1
Project("{FAE04EC0-301F-11D3-BF4B-00C04F79EFBC}") = "ExcelWorkbook", "ExcelWorkbook\ExcelWorkbook.csproj", "{FE742093-EDF5-42CD-A905-B188C5F2E48D}"
EndProject
Global
	GlobalSection(SolutionConfigurationPlatforms) = preSolution
		Debug|Any CPU = Debug|Any CPU
		Release|Any CPU = Release|Any CPU
	EndGlobalSection
	GlobalSection(ProjectConfigurationPlatforms) = postSolution
		{FE742093-EDF5-42CD-A905-B188C5F2E48D}.Debug|Any CPU.ActiveCfg = Debug|Any CPU
		{FE742093-EDF5-42CD-A905-B188C5F2E48D}.Debug|Any CPU.Build.0 = Debug|Any CPU
		{FE742093-EDF5-42CD-A905-B188C5F2E48D}.Release|Any CPU.ActiveCfg = Release|Any CPU
		{FE742093-EDF5-42CD-A905-B188C5F2E48D}.Release|Any CPU.Build.0 = Release|Any CPU
	EndGlobalSection
	GlobalSection(SolutionProperties) = preSolution
		HideSolutionNode = FALSE
	EndGlobalSection
	GlobalSection(ExtensibilityGlobals) = postSolution
		SolutionGuid = {55434190-1D41-44D1-BF10-3EF58B044E54}
	EndGlobalSection
EndGlobal
