
Microsoft Visual Studio Solution File, Format Version 12.00
# Visual Studio Version 16
VisualStudioVersion = 16.0.32002.261
MinimumVisualStudioVersion = 10.0.40219.1
Project("{FAE04EC0-301F-11D3-BF4B-00C04F79EFBC}") = "ExcelWorkbook", "ExcelWorkbook\ExcelWorkbook.csproj", "{FE742093-EDF5-42CD-A905-B188C5F2E48D}"
EndProject
Project("{2150E333-8FDC-42A3-9474-1A3956D46DE8}") = "DAL", "DAL", "{C77C900E-B9C8-4370-92E3-85B19D87D521}"
EndProject
Project("{2150E333-8FDC-42A3-9474-1A3956D46DE8}") = "Entity", "Entity", "{0FAE4E55-7DB0-44C5-AA5C-5589FAEDF64A}"
EndProject
Project("{FAE04EC0-301F-11D3-BF4B-00C04F79EFBC}") = "DbHelper.Factory", "DbHelper.Factory\DbHelper.Factory.csproj", "{0740DBF6-8FC8-4DF8-A796-95C9BA15E2D9}"
EndProject
Project("{FAE04EC0-301F-11D3-BF4B-00C04F79EFBC}") = "Users.Entity", "Users.Entity\Users.Entity.csproj", "{A228CA46-9B21-4836-9BE0-97E948625FC3}"
EndProject
Project("{FAE04EC0-301F-11D3-BF4B-00C04F79EFBC}") = "Users.DAL", "Users.DAL\Users.DAL.csproj", "{BE9C57B1-B3C0-4A21-98C5-754DA331E7FF}"
EndProject
Project("{FAE04EC0-301F-11D3-BF4B-00C04F79EFBC}") = "WebApiContext.Entity", "WebApiContext.Entity\WebApiContext.Entity.csproj", "{A3F5616E-8832-4980-B9A4-671BBCF73A17}"
EndProject
Project("{FAE04EC0-301F-11D3-BF4B-00C04F79EFBC}") = "WebApiContext.DAL", "WebApiContext.DAL\WebApiContext.DAL.csproj", "{92C1F5E7-D671-4F7D-B019-12E3FC63DCAD}"
EndProject
Global
	GlobalSection(SolutionConfigurationPlatforms) = preSolution
		Debug|Any CPU = Debug|Any CPU
		Release|Any CPU = Release|Any CPU
	EndGlobalSection
	GlobalSection(ProjectConfigurationPlatforms) = postSolution
		{FE742093-EDF5-42CD-A905-B188C5F2E48D}.Debug|Any CPU.ActiveCfg = Debug|Any CPU
		{FE742093-EDF5-42CD-A905-B188C5F2E48D}.Debug|Any CPU.Build.0 = Debug|Any CPU
		{FE742093-EDF5-42CD-A905-B188C5F2E48D}.Release|Any CPU.ActiveCfg = Release|Any CPU
		{FE742093-EDF5-42CD-A905-B188C5F2E48D}.Release|Any CPU.Build.0 = Release|Any CPU
		{0740DBF6-8FC8-4DF8-A796-95C9BA15E2D9}.Debug|Any CPU.ActiveCfg = Debug|Any CPU
		{0740DBF6-8FC8-4DF8-A796-95C9BA15E2D9}.Debug|Any CPU.Build.0 = Debug|Any CPU
		{0740DBF6-8FC8-4DF8-A796-95C9BA15E2D9}.Release|Any CPU.ActiveCfg = Release|Any CPU
		{0740DBF6-8FC8-4DF8-A796-95C9BA15E2D9}.Release|Any CPU.Build.0 = Release|Any CPU
		{A228CA46-9B21-4836-9BE0-97E948625FC3}.Debug|Any CPU.ActiveCfg = Debug|Any CPU
		{A228CA46-9B21-4836-9BE0-97E948625FC3}.Debug|Any CPU.Build.0 = Debug|Any CPU
		{A228CA46-9B21-4836-9BE0-97E948625FC3}.Release|Any CPU.ActiveCfg = Release|Any CPU
		{A228CA46-9B21-4836-9BE0-97E948625FC3}.Release|Any CPU.Build.0 = Release|Any CPU
		{BE9C57B1-B3C0-4A21-98C5-754DA331E7FF}.Debug|Any CPU.ActiveCfg = Debug|Any CPU
		{BE9C57B1-B3C0-4A21-98C5-754DA331E7FF}.Debug|Any CPU.Build.0 = Debug|Any CPU
		{BE9C57B1-B3C0-4A21-98C5-754DA331E7FF}.Release|Any CPU.ActiveCfg = Release|Any CPU
		{BE9C57B1-B3C0-4A21-98C5-754DA331E7FF}.Release|Any CPU.Build.0 = Release|Any CPU
		{A3F5616E-8832-4980-B9A4-671BBCF73A17}.Debug|Any CPU.ActiveCfg = Debug|Any CPU
		{A3F5616E-8832-4980-B9A4-671BBCF73A17}.Debug|Any CPU.Build.0 = Debug|Any CPU
		{A3F5616E-8832-4980-B9A4-671BBCF73A17}.Release|Any CPU.ActiveCfg = Release|Any CPU
		{A3F5616E-8832-4980-B9A4-671BBCF73A17}.Release|Any CPU.Build.0 = Release|Any CPU
		{92C1F5E7-D671-4F7D-B019-12E3FC63DCAD}.Debug|Any CPU.ActiveCfg = Debug|Any CPU
		{92C1F5E7-D671-4F7D-B019-12E3FC63DCAD}.Debug|Any CPU.Build.0 = Debug|Any CPU
		{92C1F5E7-D671-4F7D-B019-12E3FC63DCAD}.Release|Any CPU.ActiveCfg = Release|Any CPU
		{92C1F5E7-D671-4F7D-B019-12E3FC63DCAD}.Release|Any CPU.Build.0 = Release|Any CPU
	EndGlobalSection
	GlobalSection(SolutionProperties) = preSolution
		HideSolutionNode = FALSE
	EndGlobalSection
	GlobalSection(NestedProjects) = preSolution
		{0740DBF6-8FC8-4DF8-A796-95C9BA15E2D9} = {C77C900E-B9C8-4370-92E3-85B19D87D521}
		{A228CA46-9B21-4836-9BE0-97E948625FC3} = {0FAE4E55-7DB0-44C5-AA5C-5589FAEDF64A}
		{BE9C57B1-B3C0-4A21-98C5-754DA331E7FF} = {C77C900E-B9C8-4370-92E3-85B19D87D521}
		{A3F5616E-8832-4980-B9A4-671BBCF73A17} = {0FAE4E55-7DB0-44C5-AA5C-5589FAEDF64A}
		{92C1F5E7-D671-4F7D-B019-12E3FC63DCAD} = {C77C900E-B9C8-4370-92E3-85B19D87D521}
	EndGlobalSection
	GlobalSection(ExtensibilityGlobals) = postSolution
		SolutionGuid = {55434190-1D41-44D1-BF10-3EF58B044E54}
	EndGlobalSection
EndGlobal
